---
entries:
- kind: directory
  path: skills
  skills:
  - address-coderabbit-review
  - drive-android
  - drive-epic
  - next-issues
  - pr-watch
- kind: git
  repo: ThibautBaissac/rails_ai_agents
  ref: origin/HEAD
  root: ".claude/skills"
  revision: c0f4b189a238bdda877192397d3278dd90d15731
  skills:
  - accessibility-review
  - action-cable-patterns
  - active-storage-setup
  - api-versioning
  - authentication-flow
  - behavioral-guidelines
  - caching-strategies
  - code-review
  - codex-review
  - extraction-timing
  - i18n-patterns
  - performance-optimization
  - postgres-patterns
  - rails-architecture
  - rails-concern
  - security-audit
  - solid-queue-setup
- kind: git
  repo: mattpocock/skills
  ref: origin/HEAD
  root: skills/engineering
  revision: 733d312884b3878a9a9cff693c5886943753a741
  skills:
  - diagnose
  - grill-with-docs
  - improve-codebase-architecture
  - prototype
  - setup-matt-pocock-skills
  - tdd
  - to-issues
  - to-prd
  - triage
  - zoom-out
- kind: git
  repo: mattpocock/skills
  ref: origin/HEAD
  root: skills/productivity
  pins:
    handoff: 6eeb81b5fcfeeb5bd531dd47ab2f9f2bbea27461
